{
  "pins" : [
    {
      "identity" : "autolayoutconvenience",
      "kind" : "remoteSourceControl",
      "location" : "https://github.com/AndreasVerhoeven/AutoLayoutConvenience",
      "state" : {
        "branch" : "main",
        "revision" : "614a2a39e3dcd6837818fe694a70fe2db369b8a0"
      }
    },
    {
      "identity" : "avedatasource",
      "kind" : "remoteSourceControl",
      "location" : "https://github.com/AndreasVerhoeven/AveDataSource",
      "state" : {
        "branch" : "master",
        "revision" : "f42d9a2b35ec4769fd471f0ea067487ad6918cfd"
      }
    },
    {
      "identity" : "avefonthelpers",
      "kind" : "remoteSourceControl",
      "location" : "https://github.com/AndreasVerhoeven/AveFontHelpers",
      "state" : {
        "branch" : "master",
        "revision" : "c5507fe674845f9db855e870ab091dc0b935e398"
      }
    },
    {
      "identity" : "uikitanimations",
      "kind" : "remoteSourceControl",
      "location" : "https://github.com/AndreasVerhoeven/UIKitAnimations",
      "state" : {
        "branch" : "main",
        "revision" : "a03d0d878452a50e0a13f3228ee768f68db1cd97"
      }
    }
  ],
  "version" : 2
}
